
Microsoft Visual Studio Solution File, Format Version 12.00
# Visual Studio Version 17
VisualStudioVersion = 17.14.35821.62 d17.14
MinimumVisualStudioVersion = 10.0.40219.1
Project("{FAE04EC0-301F-11D3-BF4B-00C04F79EFBC}") = "LL1Parser", "LL1Parser.csproj", "{5EA42E09-CAA3-497B-9A1D-E7D838800FF6}"
EndProject
Global
	GlobalSection(SolutionConfigurationPlatforms) = preSolution
		Debug|Any CPU = Debug|Any CPU
		Release|Any CPU = Release|Any CPU
	EndGlobalSection
	GlobalSection(ProjectConfigurationPlatforms) = postSolution
		{5EA42E09-CAA3-497B-9A1D-E7D838800FF6}.Debug|Any CPU.ActiveCfg = Debug|Any CPU
		{5EA42E09-CAA3-497B-9A1D-E7D838800FF6}.Debug|Any CPU.Build.0 = Debug|Any CPU
		{5EA42E09-CAA3-497B-9A1D-E7D838800FF6}.Release|Any CPU.ActiveCfg = Release|Any CPU
		{5EA42E09-CAA3-497B-9A1D-E7D838800FF6}.Release|Any CPU.Build.0 = Release|Any CPU
	EndGlobalSection
	GlobalSection(SolutionProperties) = preSolution
		HideSolutionNode = FALSE
	EndGlobalSection
	GlobalSection(ExtensibilityGlobals) = postSolution
		SolutionGuid = {89D0EFAC-B9B9-46FD-A717-6FE571915B3D}
	EndGlobalSection
EndGlobal
