
Microsoft Visual Studio Solution File, Format Version 12.00
# Visual Studio Version 17
VisualStudioVersion = 17.14.35821.62 d17.14
MinimumVisualStudioVersion = 10.0.40219.1
Project("{FAE04EC0-301F-11D3-BF4B-00C04F79EFBC}") = "RecursiveDescent", "RecursiveDescent.csproj", "{B38786E9-5B10-4E85-8088-1949A4B3A5DC}"
EndProject
Global
	GlobalSection(SolutionConfigurationPlatforms) = preSolution
		Debug|Any CPU = Debug|Any CPU
		Release|Any CPU = Release|Any CPU
	EndGlobalSection
	GlobalSection(ProjectConfigurationPlatforms) = postSolution
		{B38786E9-5B10-4E85-8088-1949A4B3A5DC}.Debug|Any CPU.ActiveCfg = Debug|Any CPU
		{B38786E9-5B10-4E85-8088-1949A4B3A5DC}.Debug|Any CPU.Build.0 = Debug|Any CPU
		{B38786E9-5B10-4E85-8088-1949A4B3A5DC}.Release|Any CPU.ActiveCfg = Release|Any CPU
		{B38786E9-5B10-4E85-8088-1949A4B3A5DC}.Release|Any CPU.Build.0 = Release|Any CPU
	EndGlobalSection
	GlobalSection(SolutionProperties) = preSolution
		HideSolutionNode = FALSE
	EndGlobalSection
	GlobalSection(ExtensibilityGlobals) = postSolution
		SolutionGuid = {05117E27-2D15-4D35-B540-30EF4FF7423B}
	EndGlobalSection
EndGlobal
