
Microsoft Visual Studio Solution File, Format Version 12.00
# Visual Studio Version 17
VisualStudioVersion = 17.14.35821.62 d17.14
MinimumVisualStudioVersion = 10.0.40219.1
Project("{FAE04EC0-301F-11D3-BF4B-00C04F79EFBC}") = "Lab2 Task2", "Lab2 Task2\Lab2 Task2.csproj", "{CA97CF3C-28B9-4D3F-BCEB-38E08858E291}"
EndProject
Global
	GlobalSection(SolutionConfigurationPlatforms) = preSolution
		Debug|Any CPU = Debug|Any CPU
		Release|Any CPU = Release|Any CPU
	EndGlobalSection
	GlobalSection(ProjectConfigurationPlatforms) = postSolution
		{CA97CF3C-28B9-4D3F-BCEB-38E08858E291}.Debug|Any CPU.ActiveCfg = Debug|Any CPU
		{CA97CF3C-28B9-4D3F-BCEB-38E08858E291}.Debug|Any CPU.Build.0 = Debug|Any CPU
		{CA97CF3C-28B9-4D3F-BCEB-38E08858E291}.Release|Any CPU.ActiveCfg = Release|Any CPU
		{CA97CF3C-28B9-4D3F-BCEB-38E08858E291}.Release|Any CPU.Build.0 = Release|Any CPU
	EndGlobalSection
	GlobalSection(SolutionProperties) = preSolution
		HideSolutionNode = FALSE
	EndGlobalSection
	GlobalSection(ExtensibilityGlobals) = postSolution
		SolutionGuid = {D41E54D2-58B0-4209-8335-DDC8891F8C17}
	EndGlobalSection
EndGlobal
