
Microsoft Visual Studio Solution File, Format Version 12.00
# Visual Studio Version 17
VisualStudioVersion = 17.14.35821.62 d17.14
MinimumVisualStudioVersion = 10.0.40219.1
Project("{FAE04EC0-301F-11D3-BF4B-00C04F79EFBC}") = "Lab 12", "Lab 12.csproj", "{3AB03534-9413-41FA-9137-F1F1DC52BF77}"
EndProject
Global
	GlobalSection(SolutionConfigurationPlatforms) = preSolution
		Debug|Any CPU = Debug|Any CPU
		Release|Any CPU = Release|Any CPU
	EndGlobalSection
	GlobalSection(ProjectConfigurationPlatforms) = postSolution
		{3AB03534-9413-41FA-9137-F1F1DC52BF77}.Debug|Any CPU.ActiveCfg = Debug|Any CPU
		{3AB03534-9413-41FA-9137-F1F1DC52BF77}.Debug|Any CPU.Build.0 = Debug|Any CPU
		{3AB03534-9413-41FA-9137-F1F1DC52BF77}.Release|Any CPU.ActiveCfg = Release|Any CPU
		{3AB03534-9413-41FA-9137-F1F1DC52BF77}.Release|Any CPU.Build.0 = Release|Any CPU
	EndGlobalSection
	GlobalSection(SolutionProperties) = preSolution
		HideSolutionNode = FALSE
	EndGlobalSection
	GlobalSection(ExtensibilityGlobals) = postSolution
		SolutionGuid = {A8117C30-C1B9-45D8-8B1C-9D66ED153097}
	EndGlobalSection
EndGlobal
